
Microsoft Visual Studio Solution File, Format Version 12.00
# Visual Studio Version 17
VisualStudioVersion = 17.0.32112.339
MinimumVisualStudioVersion = 10.0.40219.1
Project("{FAE04EC0-301F-11D3-BF4B-00C04F79EFBC}") = "ConsoleApp34", "ConsoleApp34\ConsoleApp34.csproj", "{BB408610-A4C9-46E8-930F-09587D124406}"
EndProject
Global
	GlobalSection(SolutionConfigurationPlatforms) = preSolution
		Debug|Any CPU = Debug|Any CPU
		Release|Any CPU = Release|Any CPU
	EndGlobalSection
	GlobalSection(ProjectConfigurationPlatforms) = postSolution
		{BB408610-A4C9-46E8-930F-09587D124406}.Debug|Any CPU.ActiveCfg = Debug|Any CPU
		{BB408610-A4C9-46E8-930F-09587D124406}.Debug|Any CPU.Build.0 = Debug|Any CPU
		{BB408610-A4C9-46E8-930F-09587D124406}.Release|Any CPU.ActiveCfg = Release|Any CPU
		{BB408610-A4C9-46E8-930F-09587D124406}.Release|Any CPU.Build.0 = Release|Any CPU
	EndGlobalSection
	GlobalSection(SolutionProperties) = preSolution
		HideSolutionNode = FALSE
	EndGlobalSection
	GlobalSection(ExtensibilityGlobals) = postSolution
		SolutionGuid = {945F1918-D70F-43EF-8DD5-33AAFCFADE9D}
	EndGlobalSection
EndGlobal
